
Microsoft Visual Studio Solution File, Format Version 12.00
# Visual Studio Version 16
VisualStudioVersion = 16.0.30204.135
MinimumVisualStudioVersion = 10.0.40219.1
Project("{888888A0-9F3D-457C-B088-3A5042F75D52}") = "Spectrum Analysis", "Spectrum Analysis.pyproj", "{488AA502-1CD4-4D78-B5D1-5C5539805674}"
EndProject
Project("{2150E333-8FDC-42A3-9474-1A3956D46DE8}") = "Solution Items", "Solution Items", "{5946E6C9-DE15-4525-A7C0-1578106B143F}"
EndProject
Global
	GlobalSection(SolutionConfigurationPlatforms) = preSolution
		Debug|Any CPU = Debug|Any CPU
		Release|Any CPU = Release|Any CPU
	EndGlobalSection
	GlobalSection(ProjectConfigurationPlatforms) = postSolution
		{488AA502-1CD4-4D78-B5D1-5C5539805674}.Debug|Any CPU.ActiveCfg = Debug|Any CPU
		{488AA502-1CD4-4D78-B5D1-5C5539805674}.Release|Any CPU.ActiveCfg = Release|Any CPU
	EndGlobalSection
	GlobalSection(SolutionProperties) = preSolution
		HideSolutionNode = FALSE
	EndGlobalSection
	GlobalSection(ExtensibilityGlobals) = postSolution
		SolutionGuid = {3004CE34-E721-4AC8-A77B-33BA20705AA6}
	EndGlobalSection
EndGlobal
